
Microsoft Visual Studio Solution File, Format Version 12.00
# Visual Studio Version 17
VisualStudioVersion = 17.11.35327.3
MinimumVisualStudioVersion = 10.0.40219.1
Project("{E53339B2-1760-4266-BCC7-CA923CBCF16C}") = "docker-compose", "docker-compose.dcproj", "{15E737E8-3340-463F-90AB-E72090FAD0DC}"
EndProject
Project("{9A19103F-16F7-4668-BE54-9A1E7A4F7556}") = "Domain", "src\Domain\Domain.csproj", "{648DBFAA-9F6C-40E7-9AB0-99EBFB6DFFBF}"
EndProject
Project("{9A19103F-16F7-4668-BE54-9A1E7A4F7556}") = "Infrastructure", "src\Infrastructure\Infrastructure.csproj", "{904E102A-AB1D-44E8-A349-813B54FC3440}"
EndProject
Project("{9A19103F-16F7-4668-BE54-9A1E7A4F7556}") = "Application", "src\Application\Application.csproj", "{D2CDA198-5125-40E3-BF45-A078A8FFB71F}"
EndProject
Project("{9A19103F-16F7-4668-BE54-9A1E7A4F7556}") = "API", "src\API\API.csproj", "{F2A5225E-C338-4301-9753-F1A2DEA10BC1}"
EndProject
Project("{2150E333-8FDC-42A3-9474-1A3956D46DE8}") = "src", "src", "{E5FFE0B8-F448-4C52-8153-05BE44961FC2}"
EndProject
Project("{2150E333-8FDC-42A3-9474-1A3956D46DE8}") = "tests", "tests", "{40BB3797-9B8D-474F-8EE8-26E766876A63}"
EndProject
Project("{9A19103F-16F7-4668-BE54-9A1E7A4F7556}") = "Domain.UnitTests", "tests\Domain.UnitTests\Domain.UnitTests.csproj", "{8996A78F-E3A4-4BA1-ABD2-42EE0221956B}"
EndProject
Project("{9A19103F-16F7-4668-BE54-9A1E7A4F7556}") = "Application.UnitTests", "tests\Application.UnitTests\Application.UnitTests.csproj", "{9EBE7BDE-DB76-4B88-87F1-15CFF5F09326}"
EndProject
Project("{9A19103F-16F7-4668-BE54-9A1E7A4F7556}") = "Application.FunctionalTests", "tests\Application.FunctionalTests\Application.FunctionalTests.csproj", "{6F03854C-2D9D-4E28-857D-41B3D3530843}"
EndProject
Project("{9A19103F-16F7-4668-BE54-9A1E7A4F7556}") = "Infrastructure.IntegrationTests", "tests\Infrastructure.IntegrationTests\Infrastructure.IntegrationTests.csproj", "{97FF9EE9-0E7B-4028-9D9B-C03FBD9E79B7}"
EndProject
Project("{9A19103F-16F7-4668-BE54-9A1E7A4F7556}") = "API.IntegrationTests", "tests\API.IntegrationTests\API.IntegrationTests.csproj", "{7B9FFA5C-43ED-4CA9-AA9B-21E8EC91C4A4}"
EndProject
Project("{9A19103F-16F7-4668-BE54-9A1E7A4F7556}") = "Tests.Common", "tests\Tests.Common\Tests.Common.csproj", "{43886C63-CA4B-4263-B5B6-63DF195087C2}"
EndProject
Project("{9A19103F-16F7-4668-BE54-9A1E7A4F7556}") = "API.UnitTests", "tests\API.UnitTests\API.UnitTests.csproj", "{7DF4FF28-68EB-40B0-A065-936AA5BE4AE0}"
EndProject
Project("{9A19103F-16F7-4668-BE54-9A1E7A4F7556}") = "EmailComponents", "src\EmailComponents\EmailComponents.csproj", "{84C35D21-3038-4EC8-9204-51D2DE31BED7}"
EndProject
Global
	GlobalSection(SolutionConfigurationPlatforms) = preSolution
		Debug|Any CPU = Debug|Any CPU
		Release|Any CPU = Release|Any CPU
	EndGlobalSection
	GlobalSection(ProjectConfigurationPlatforms) = postSolution
		{15E737E8-3340-463F-90AB-E72090FAD0DC}.Debug|Any CPU.ActiveCfg = Debug|Any CPU
		{15E737E8-3340-463F-90AB-E72090FAD0DC}.Debug|Any CPU.Build.0 = Debug|Any CPU
		{15E737E8-3340-463F-90AB-E72090FAD0DC}.Release|Any CPU.ActiveCfg = Release|Any CPU
		{15E737E8-3340-463F-90AB-E72090FAD0DC}.Release|Any CPU.Build.0 = Release|Any CPU
		{648DBFAA-9F6C-40E7-9AB0-99EBFB6DFFBF}.Debug|Any CPU.ActiveCfg = Debug|Any CPU
		{648DBFAA-9F6C-40E7-9AB0-99EBFB6DFFBF}.Debug|Any CPU.Build.0 = Debug|Any CPU
		{648DBFAA-9F6C-40E7-9AB0-99EBFB6DFFBF}.Release|Any CPU.ActiveCfg = Release|Any CPU
		{648DBFAA-9F6C-40E7-9AB0-99EBFB6DFFBF}.Release|Any CPU.Build.0 = Release|Any CPU
		{904E102A-AB1D-44E8-A349-813B54FC3440}.Debug|Any CPU.ActiveCfg = Debug|Any CPU
		{904E102A-AB1D-44E8-A349-813B54FC3440}.Debug|Any CPU.Build.0 = Debug|Any CPU
		{904E102A-AB1D-44E8-A349-813B54FC3440}.Release|Any CPU.ActiveCfg = Release|Any CPU
		{904E102A-AB1D-44E8-A349-813B54FC3440}.Release|Any CPU.Build.0 = Release|Any CPU
		{D2CDA198-5125-40E3-BF45-A078A8FFB71F}.Debug|Any CPU.ActiveCfg = Debug|Any CPU
		{D2CDA198-5125-40E3-BF45-A078A8FFB71F}.Debug|Any CPU.Build.0 = Debug|Any CPU
		{D2CDA198-5125-40E3-BF45-A078A8FFB71F}.Release|Any CPU.ActiveCfg = Release|Any CPU
		{D2CDA198-5125-40E3-BF45-A078A8FFB71F}.Release|Any CPU.Build.0 = Release|Any CPU
		{F2A5225E-C338-4301-9753-F1A2DEA10BC1}.Debug|Any CPU.ActiveCfg = Debug|Any CPU
		{F2A5225E-C338-4301-9753-F1A2DEA10BC1}.Debug|Any CPU.Build.0 = Debug|Any CPU
		{F2A5225E-C338-4301-9753-F1A2DEA10BC1}.Release|Any CPU.ActiveCfg = Release|Any CPU
		{F2A5225E-C338-4301-9753-F1A2DEA10BC1}.Release|Any CPU.Build.0 = Release|Any CPU
		{8996A78F-E3A4-4BA1-ABD2-42EE0221956B}.Debug|Any CPU.ActiveCfg = Debug|Any CPU
		{8996A78F-E3A4-4BA1-ABD2-42EE0221956B}.Debug|Any CPU.Build.0 = Debug|Any CPU
		{8996A78F-E3A4-4BA1-ABD2-42EE0221956B}.Release|Any CPU.ActiveCfg = Release|Any CPU
		{8996A78F-E3A4-4BA1-ABD2-42EE0221956B}.Release|Any CPU.Build.0 = Release|Any CPU
		{9EBE7BDE-DB76-4B88-87F1-15CFF5F09326}.Debug|Any CPU.ActiveCfg = Debug|Any CPU
		{9EBE7BDE-DB76-4B88-87F1-15CFF5F09326}.Debug|Any CPU.Build.0 = Debug|Any CPU
		{9EBE7BDE-DB76-4B88-87F1-15CFF5F09326}.Release|Any CPU.ActiveCfg = Release|Any CPU
		{9EBE7BDE-DB76-4B88-87F1-15CFF5F09326}.Release|Any CPU.Build.0 = Release|Any CPU
		{6F03854C-2D9D-4E28-857D-41B3D3530843}.Debug|Any CPU.ActiveCfg = Debug|Any CPU
		{6F03854C-2D9D-4E28-857D-41B3D3530843}.Debug|Any CPU.Build.0 = Debug|Any CPU
		{6F03854C-2D9D-4E28-857D-41B3D3530843}.Release|Any CPU.ActiveCfg = Release|Any CPU
		{6F03854C-2D9D-4E28-857D-41B3D3530843}.Release|Any CPU.Build.0 = Release|Any CPU
		{97FF9EE9-0E7B-4028-9D9B-C03FBD9E79B7}.Debug|Any CPU.ActiveCfg = Debug|Any CPU
		{97FF9EE9-0E7B-4028-9D9B-C03FBD9E79B7}.Debug|Any CPU.Build.0 = Debug|Any CPU
		{97FF9EE9-0E7B-4028-9D9B-C03FBD9E79B7}.Release|Any CPU.ActiveCfg = Release|Any CPU
		{97FF9EE9-0E7B-4028-9D9B-C03FBD9E79B7}.Release|Any CPU.Build.0 = Release|Any CPU
		{7B9FFA5C-43ED-4CA9-AA9B-21E8EC91C4A4}.Debug|Any CPU.ActiveCfg = Debug|Any CPU
		{7B9FFA5C-43ED-4CA9-AA9B-21E8EC91C4A4}.Debug|Any CPU.Build.0 = Debug|Any CPU
		{7B9FFA5C-43ED-4CA9-AA9B-21E8EC91C4A4}.Release|Any CPU.ActiveCfg = Release|Any CPU
		{7B9FFA5C-43ED-4CA9-AA9B-21E8EC91C4A4}.Release|Any CPU.Build.0 = Release|Any CPU
		{43886C63-CA4B-4263-B5B6-63DF195087C2}.Debug|Any CPU.ActiveCfg = Debug|Any CPU
		{43886C63-CA4B-4263-B5B6-63DF195087C2}.Debug|Any CPU.Build.0 = Debug|Any CPU
		{43886C63-CA4B-4263-B5B6-63DF195087C2}.Release|Any CPU.ActiveCfg = Release|Any CPU
		{43886C63-CA4B-4263-B5B6-63DF195087C2}.Release|Any CPU.Build.0 = Release|Any CPU
		{7DF4FF28-68EB-40B0-A065-936AA5BE4AE0}.Debug|Any CPU.ActiveCfg = Debug|Any CPU
		{7DF4FF28-68EB-40B0-A065-936AA5BE4AE0}.Debug|Any CPU.Build.0 = Debug|Any CPU
		{7DF4FF28-68EB-40B0-A065-936AA5BE4AE0}.Release|Any CPU.ActiveCfg = Release|Any CPU
		{7DF4FF28-68EB-40B0-A065-936AA5BE4AE0}.Release|Any CPU.Build.0 = Release|Any CPU
		{84C35D21-3038-4EC8-9204-51D2DE31BED7}.Debug|Any CPU.ActiveCfg = Debug|Any CPU
		{84C35D21-3038-4EC8-9204-51D2DE31BED7}.Debug|Any CPU.Build.0 = Debug|Any CPU
		{84C35D21-3038-4EC8-9204-51D2DE31BED7}.Release|Any CPU.ActiveCfg = Release|Any CPU
		{84C35D21-3038-4EC8-9204-51D2DE31BED7}.Release|Any CPU.Build.0 = Release|Any CPU
	EndGlobalSection
	GlobalSection(SolutionProperties) = preSolution
		HideSolutionNode = FALSE
	EndGlobalSection
	GlobalSection(NestedProjects) = preSolution
		{648DBFAA-9F6C-40E7-9AB0-99EBFB6DFFBF} = {E5FFE0B8-F448-4C52-8153-05BE44961FC2}
		{904E102A-AB1D-44E8-A349-813B54FC3440} = {E5FFE0B8-F448-4C52-8153-05BE44961FC2}
		{D2CDA198-5125-40E3-BF45-A078A8FFB71F} = {E5FFE0B8-F448-4C52-8153-05BE44961FC2}
		{F2A5225E-C338-4301-9753-F1A2DEA10BC1} = {E5FFE0B8-F448-4C52-8153-05BE44961FC2}
		{8996A78F-E3A4-4BA1-ABD2-42EE0221956B} = {40BB3797-9B8D-474F-8EE8-26E766876A63}
		{9EBE7BDE-DB76-4B88-87F1-15CFF5F09326} = {40BB3797-9B8D-474F-8EE8-26E766876A63}
		{6F03854C-2D9D-4E28-857D-41B3D3530843} = {40BB3797-9B8D-474F-8EE8-26E766876A63}
		{97FF9EE9-0E7B-4028-9D9B-C03FBD9E79B7} = {40BB3797-9B8D-474F-8EE8-26E766876A63}
		{7B9FFA5C-43ED-4CA9-AA9B-21E8EC91C4A4} = {40BB3797-9B8D-474F-8EE8-26E766876A63}
		{43886C63-CA4B-4263-B5B6-63DF195087C2} = {40BB3797-9B8D-474F-8EE8-26E766876A63}
		{7DF4FF28-68EB-40B0-A065-936AA5BE4AE0} = {40BB3797-9B8D-474F-8EE8-26E766876A63}
		{84C35D21-3038-4EC8-9204-51D2DE31BED7} = {E5FFE0B8-F448-4C52-8153-05BE44961FC2}
	EndGlobalSection
	GlobalSection(ExtensibilityGlobals) = postSolution
		SolutionGuid = {E8F102E7-5DBC-4563-A5F1-41B5EA83E682}
	EndGlobalSection
EndGlobal
